PODS:
  - Alamofire (4.8.0)
  - AlamofireObjectMapper (5.2.0):
    - Alamofire (~> 4.7)
    - ObjectMapper (~> 3.4)
  - Dip (7.0.1)
  - ObjectMapper (3.4.2)

DEPENDENCIES:
  - Alamofire (~> 4.8.0)
  - AlamofireObjectMapper (~> 5.2.0)
  - Dip (~> 7.0.0)

SPEC REPOS:
  https://github.com/cocoapods/specs.git:
    - Alamofire
    - AlamofireObjectMapper
    - Dip
    - ObjectMapper

SPEC CHECKSUMS:
  Alamofire: 3ec537f71edc9804815215393ae2b1a8ea33a844
  AlamofireObjectMapper: 92b6ce2423a9d159e686f6a1d514a009bf903ddc
  Dip: 79509d5dc4f648e10e922ed79c608a7761c52b13
  ObjectMapper: 0d4402610f4e468903ae64629eec4784531e5c51

PODFILE CHECKSUM: df32253eb13f0f499e95d5f082a91ee9f0a13cfb

COCOAPODS: 1.5.3
